
Microsoft Visual Studio Solution File, Format Version 12.00
# Visual Studio Version 17
VisualStudioVersion = 17.14.36212.18
MinimumVisualStudioVersion = 10.0.40219.1
Project("{FAE04EC0-301F-11D3-BF4B-00C04F79EFBC}") = "OnlineShoppingPlatform", "OnlineShoppingPlatform\OnlineShoppingPlatform.csproj", "{895368A5-429A-4BF1-9333-4250657AEEC8}"
EndProject
Project("{2150E333-8FDC-42A3-9474-1A3956D46DE8}") = "Solution Items", "Solution Items", "{8EC462FD-D22E-90A8-E5CE-7E832BA40C5D}"
EndProject
Project("{FAE04EC0-301F-11D3-BF4B-00C04F79EFBC}") = "OnlineShoppingPlatform.Orders", "OnlineShoppingPlatform.Orders\OnlineShoppingPlatform.Orders.csproj", "{53D982D3-C7BD-4C64-AEF3-A2CD7AFB3647}"
EndProject
Project("{FAE04EC0-301F-11D3-BF4B-00C04F79EFBC}") = "OnlineShoppingPlatform.Products", "OnlineShoppingPlatform.Products\OnlineShoppingPlatform.Products.csproj", "{7DB4BB27-F79F-4C24-B9F4-D0F12B160689}"
EndProject
Project("{FAE04EC0-301F-11D3-BF4B-00C04F79EFBC}") = "OnlineShoppingPlatform.Infrastructure", "OnlineShoppingPlatform.Infrastructure\OnlineShoppingPlatform.Infrastructure.csproj", "{8D2C3504-8072-48E3-B5B7-22493534377F}"
EndProject
Project("{FAE04EC0-301F-11D3-BF4B-00C04F79EFBC}") = "OnlineShoppingPlatform.Users", "OnlineShoppingPlatform.Users\OnlineShoppingPlatform.Users.csproj", "{731F224B-4142-4C15-8B90-63E99B3244C4}"
EndProject
Project("{FAE04EC0-301F-11D3-BF4B-00C04F79EFBC}") = "OnlineShoppingPlatform.Carts", "OnlineShoppingPlatform.Cart\OnlineShoppingPlatform.Carts.csproj", "{BCCB575B-EC0F-096A-44FC-3DD60E224949}"
EndProject
Global
	GlobalSection(SolutionConfigurationPlatforms) = preSolution
		Debug|Any CPU = Debug|Any CPU
		Release|Any CPU = Release|Any CPU
	EndGlobalSection
	GlobalSection(ProjectConfigurationPlatforms) = postSolution
		{895368A5-429A-4BF1-9333-4250657AEEC8}.Debug|Any CPU.ActiveCfg = Debug|Any CPU
		{895368A5-429A-4BF1-9333-4250657AEEC8}.Debug|Any CPU.Build.0 = Debug|Any CPU
		{895368A5-429A-4BF1-9333-4250657AEEC8}.Release|Any CPU.ActiveCfg = Release|Any CPU
		{895368A5-429A-4BF1-9333-4250657AEEC8}.Release|Any CPU.Build.0 = Release|Any CPU
		{53D982D3-C7BD-4C64-AEF3-A2CD7AFB3647}.Debug|Any CPU.ActiveCfg = Debug|Any CPU
		{53D982D3-C7BD-4C64-AEF3-A2CD7AFB3647}.Debug|Any CPU.Build.0 = Debug|Any CPU
		{53D982D3-C7BD-4C64-AEF3-A2CD7AFB3647}.Release|Any CPU.ActiveCfg = Release|Any CPU
		{53D982D3-C7BD-4C64-AEF3-A2CD7AFB3647}.Release|Any CPU.Build.0 = Release|Any CPU
		{7DB4BB27-F79F-4C24-B9F4-D0F12B160689}.Debug|Any CPU.ActiveCfg = Debug|Any CPU
		{7DB4BB27-F79F-4C24-B9F4-D0F12B160689}.Debug|Any CPU.Build.0 = Debug|Any CPU
		{7DB4BB27-F79F-4C24-B9F4-D0F12B160689}.Release|Any CPU.ActiveCfg = Release|Any CPU
		{7DB4BB27-F79F-4C24-B9F4-D0F12B160689}.Release|Any CPU.Build.0 = Release|Any CPU
		{8D2C3504-8072-48E3-B5B7-22493534377F}.Debug|Any CPU.ActiveCfg = Debug|Any CPU
		{8D2C3504-8072-48E3-B5B7-22493534377F}.Debug|Any CPU.Build.0 = Debug|Any CPU
		{8D2C3504-8072-48E3-B5B7-22493534377F}.Release|Any CPU.ActiveCfg = Release|Any CPU
		{8D2C3504-8072-48E3-B5B7-22493534377F}.Release|Any CPU.Build.0 = Release|Any CPU
		{731F224B-4142-4C15-8B90-63E99B3244C4}.Debug|Any CPU.ActiveCfg = Debug|Any CPU
		{731F224B-4142-4C15-8B90-63E99B3244C4}.Debug|Any CPU.Build.0 = Debug|Any CPU
		{731F224B-4142-4C15-8B90-63E99B3244C4}.Release|Any CPU.ActiveCfg = Release|Any CPU
		{731F224B-4142-4C15-8B90-63E99B3244C4}.Release|Any CPU.Build.0 = Release|Any CPU
		{BCCB575B-EC0F-096A-44FC-3DD60E224949}.Debug|Any CPU.ActiveCfg = Debug|Any CPU
		{BCCB575B-EC0F-096A-44FC-3DD60E224949}.Debug|Any CPU.Build.0 = Debug|Any CPU
		{BCCB575B-EC0F-096A-44FC-3DD60E224949}.Release|Any CPU.ActiveCfg = Release|Any CPU
		{BCCB575B-EC0F-096A-44FC-3DD60E224949}.Release|Any CPU.Build.0 = Release|Any CPU
	EndGlobalSection
	GlobalSection(SolutionProperties) = preSolution
		HideSolutionNode = FALSE
	EndGlobalSection
	GlobalSection(ExtensibilityGlobals) = postSolution
		SolutionGuid = {A21993BC-97BC-4EF3-8941-44D347566233}
	EndGlobalSection
EndGlobal
